
Microsoft Visual Studio Solution File, Format Version 12.00
# Visual Studio 2012
Project("{FAE04EC0-301F-11D3-BF4B-00C04F79EFBC}") = "TrickyCSharp", "TrickyCSharp.csproj", "{FBF27E53-0486-4A74-B6DD-41F240F73CB0}"
EndProject
Global
	GlobalSection(SolutionConfigurationPlatforms) = preSolution
		Debug|Any CPU = Debug|Any CPU
		Release|Any CPU = Release|Any CPU
	EndGlobalSection
	GlobalSection(ProjectConfigurationPlatforms) = postSolution
		{FBF27E53-0486-4A74-B6DD-41F240F73CB0}.Debug|Any CPU.ActiveCfg = Debug|Any CPU
		{FBF27E53-0486-4A74-B6DD-41F240F73CB0}.Debug|Any CPU.Build.0 = Debug|Any CPU
		{FBF27E53-0486-4A74-B6DD-41F240F73CB0}.Release|Any CPU.ActiveCfg = Release|Any CPU
		{FBF27E53-0486-4A74-B6DD-41F240F73CB0}.Release|Any CPU.Build.0 = Release|Any CPU
	EndGlobalSection
	GlobalSection(SolutionProperties) = preSolution
		HideSolutionNode = FALSE
	EndGlobalSection
EndGlobal
