
Microsoft Visual Studio Solution File, Format Version 12.00
# Visual Studio 2012
Project("{FAE04EC0-301F-11D3-BF4B-00C04F79EFBC}") = "JonMoreBugs", "JonMoreBugs.csproj", "{FE6A79C2-1ED4-49A5-A526-4394F30B8336}"
EndProject
Global
	GlobalSection(SolutionConfigurationPlatforms) = preSolution
		Debug|Any CPU = Debug|Any CPU
		Release|Any CPU = Release|Any CPU
	EndGlobalSection
	GlobalSection(ProjectConfigurationPlatforms) = postSolution
		{FE6A79C2-1ED4-49A5-A526-4394F30B8336}.Debug|Any CPU.ActiveCfg = Debug|Any CPU
		{FE6A79C2-1ED4-49A5-A526-4394F30B8336}.Debug|Any CPU.Build.0 = Debug|Any CPU
		{FE6A79C2-1ED4-49A5-A526-4394F30B8336}.Release|Any CPU.ActiveCfg = Release|Any CPU
		{FE6A79C2-1ED4-49A5-A526-4394F30B8336}.Release|Any CPU.Build.0 = Release|Any CPU
	EndGlobalSection
	GlobalSection(SolutionProperties) = preSolution
		HideSolutionNode = FALSE
	EndGlobalSection
EndGlobal
